
Microsoft Visual Studio Solution File, Format Version 12.00
# Visual Studio Version 16
VisualStudioVersion = 16.0.33130.400
MinimumVisualStudioVersion = 10.0.40219.1
Project("{FAE04EC0-301F-11D3-BF4B-00C04F79EFBC}") = "ClassLibraryPassword", "ClassLibraryPassword\ClassLibraryPassword.csproj", "{7C200FB5-A982-421D-92A0-9400FF8FD889}"
EndProject
Project("{FAE04EC0-301F-11D3-BF4B-00C04F79EFBC}") = "ClassLibraryPasswordTests", "ClassLibraryPasswordTests\ClassLibraryPasswordTests.csproj", "{35C3A50D-0E3A-426F-8366-64C48EB7F278}"
EndProject
Global
	GlobalSection(SolutionConfigurationPlatforms) = preSolution
		Debug|Any CPU = Debug|Any CPU
		Release|Any CPU = Release|Any CPU
	EndGlobalSection
	GlobalSection(ProjectConfigurationPlatforms) = postSolution
		{7C200FB5-A982-421D-92A0-9400FF8FD889}.Debug|Any CPU.ActiveCfg = Debug|Any CPU
		{7C200FB5-A982-421D-92A0-9400FF8FD889}.Debug|Any CPU.Build.0 = Debug|Any CPU
		{7C200FB5-A982-421D-92A0-9400FF8FD889}.Release|Any CPU.ActiveCfg = Release|Any CPU
		{7C200FB5-A982-421D-92A0-9400FF8FD889}.Release|Any CPU.Build.0 = Release|Any CPU
		{35C3A50D-0E3A-426F-8366-64C48EB7F278}.Debug|Any CPU.ActiveCfg = Debug|Any CPU
		{35C3A50D-0E3A-426F-8366-64C48EB7F278}.Debug|Any CPU.Build.0 = Debug|Any CPU
		{35C3A50D-0E3A-426F-8366-64C48EB7F278}.Release|Any CPU.ActiveCfg = Release|Any CPU
		{35C3A50D-0E3A-426F-8366-64C48EB7F278}.Release|Any CPU.Build.0 = Release|Any CPU
	EndGlobalSection
	GlobalSection(SolutionProperties) = preSolution
		HideSolutionNode = FALSE
	EndGlobalSection
	GlobalSection(ExtensibilityGlobals) = postSolution
		SolutionGuid = {5E332009-C196-4F9A-A0AC-DEC5F2C64A1F}
	EndGlobalSection
EndGlobal
